# This file is generated by running "yarn install" inside your project.
# Manual changes might be lost - proceed with caution!

__metadata:
  version: 6
  cacheKey: 8

"@babel/runtime@npm:^7.8.4":
  version: 7.15.3
  resolution: "@babel/runtime@npm:7.15.3"
  dependencies:
    regenerator-runtime: ^0.13.4
  checksum: 2f0b8d2d4e36035ab1d84af0ec26aafa098536870f27c8e07de0a0e398f7a394fdea68a88165535ffb52ded6a68912bdc3450bdf91f229eb132e1c89470789f5
  languageName: node
  linkType: hard

"balanced-match@npm:^1.0.0":
  version: 1.0.2
  resolution: "balanced-match@npm:1.0.2"
  checksum: 9706c088a283058a8a99e0bf91b0a2f75497f185980d9ffa8b304de1d9e58ebda7c72c07ebf01dadedaac5b2907b2c6f566f660d62bd336c3468e960403b9d65
  languageName: node
  linkType: hard

"brace-expansion@npm:^1.1.7":
  version: 1.1.11
  resolution: "brace-expansion@npm:1.1.11"
  dependencies:
    balanced-match: ^1.0.0
    concat-map: 0.0.1
  checksum: faf34a7bb0c3fcf4b59c7808bc5d2a96a40988addf2e7e09dfbb67a2251800e0d14cd2bfc1aa79174f2f5095c54ff27f46fb1289fe2d77dac755b5eb3434cc07
  languageName: node
  linkType: hard

"concat-map@npm:0.0.1":
  version: 0.0.1
  resolution: "concat-map@npm:0.0.1"
  checksum: 902a9f5d8967a3e2faf138d5cb784b9979bad2e6db5357c5b21c568df4ebe62bcb15108af1b2253744844eb964fc023fbd9afbbbb6ddd0bcc204c6fb5b7bf3af
  languageName: node
  linkType: hard

"enchanting-book-crafting@workspace:.":
  version: 0.0.0-use.local
  resolution: "enchanting-book-crafting@workspace:."
  dependencies:
    twig: ^1.12.0
    underscore: ^1.9.1
  languageName: unknown
  linkType: soft

"foreachasync@npm:^3.0.0":
  version: 3.0.0
  resolution: "foreachasync@npm:3.0.0"
  checksum: 4791f64b539b06c751b14adb2881173c780d41ce37d881715a5e5787fa4a08961f2c6a6cf3bccdfa48e56fb91d8676d867fdc63c008cdb576bd33261716e8381
  languageName: node
  linkType: hard

"locutus@npm:^2.0.11":
  version: 2.0.15
  resolution: "locutus@npm:2.0.15"
  checksum: a9cfda8f14793b07b68b5803c45a31ede93ead8fea2bc45d24e192a43ceecc50b7be1633f4b857b3a9d82f2e61c205e026ad9d4a57e2255d6fc9f1f679858326
  languageName: node
  linkType: hard

"minimatch@npm:3.0.x":
  version: 3.0.4
  resolution: "minimatch@npm:3.0.4"
  dependencies:
    brace-expansion: ^1.1.7
  checksum: 66ac295f8a7b59788000ea3749938b0970344c841750abd96694f80269b926ebcafad3deeb3f1da2522978b119e6ae3a5869b63b13a7859a456b3408bd18a078
  languageName: node
  linkType: hard

"regenerator-runtime@npm:^0.13.4":
  version: 0.13.9
  resolution: "regenerator-runtime@npm:0.13.9"
  checksum: 65ed455fe5afd799e2897baf691ca21c2772e1a969d19bb0c4695757c2d96249eb74ee3553ea34a91062b2a676beedf630b4c1551cc6299afb937be1426ec55e
  languageName: node
  linkType: hard

"twig@npm:^1.12.0":
  version: 1.15.4
  resolution: "twig@npm:1.15.4"
  dependencies:
    "@babel/runtime": ^7.8.4
    locutus: ^2.0.11
    minimatch: 3.0.x
    walk: 2.3.x
  bin:
    twigjs: ./bin/twigjs
  checksum: 99165227a1466e8f5ec479748aedf72fd0ccb85c3ada4c9c15936b7e253ce50d5da9d6654b42197b9e46d5d1970ee413d2bef3ca79f552b4c238acef74dc61bc
  languageName: node
  linkType: hard

"underscore@npm:^1.9.1":
  version: 1.13.1
  resolution: "underscore@npm:1.13.1"
  checksum: 69bb4e6dd92c387ad322dd5b105f496fa64896d92ff1eea987610920d452667a12bca0938def4c4d60acd12da62410540fd268e7ca4f2480d89324498382fcac
  languageName: node
  linkType: hard

"walk@npm:2.3.x":
  version: 2.3.14
  resolution: "walk@npm:2.3.14"
  dependencies:
    foreachasync: ^3.0.0
  checksum: 77b744e340e890f82eb836b197655cbe171e5b92557446a9a26b89594fbe3b7ea64337b8d93e15a12831c6bf1bf6f83511b52f7bfcc441978b605883ff33bfcb
  languageName: node
  linkType: hard
